Microsoft Visual Studio Solution File, Format Version 12.00
# Visual Studio 2013
Project("{8BC9CEB8-8B4A-11D0-8D11-00A0C91BC942}") = "ALL_BUILD", "ALL_BUILD.vcxproj", "{BDEEC085-4DD4-3530-83B7-79626665796F}"
	ProjectSection(ProjectDependencies) = postProject
		{07890ACE-BC15-3EBA-ABD7-284785CBA632} = {07890ACE-BC15-3EBA-ABD7-284785CBA632}
		{68098610-C11C-3C9A-AE1A-07148E100013} = {68098610-C11C-3C9A-AE1A-07148E100013}
		{C33C7967-10B3-3E65-BFD0-1D727B3667BD} = {C33C7967-10B3-3E65-BFD0-1D727B3667BD}
		{E1DB54E9-D91A-3B3F-9F07-E7CFF6AD89B5} = {E1DB54E9-D91A-3B3F-9F07-E7CFF6AD89B5}
		{AE8E5BB0-A7A8-33CE-A360-540A1355E7F2} = {AE8E5BB0-A7A8-33CE-A360-540A1355E7F2}
		{C20BB383-A532-373D-BC37-3FC323A4C3B0} = {C20BB383-A532-373D-BC37-3FC323A4C3B0}
		{18B846BB-1818-341D-954C-402E97EC1BAF} = {18B846BB-1818-341D-954C-402E97EC1BAF}
		{39BF89D1-030D-3E61-B87E-82F82337AF70} = {39BF89D1-030D-3E61-B87E-82F82337AF70}
		{9F4A9FA0-CF24-36EE-ACDB-C8E643DCC734} = {9F4A9FA0-CF24-36EE-ACDB-C8E643DCC734}
		{D2116E5F-FBAF-3F3A-8820-E344CAA4C808} = {D2116E5F-FBAF-3F3A-8820-E344CAA4C808}
		{ABED4D2C-13F0-3952-A1FE-8621546B7799} = {ABED4D2C-13F0-3952-A1FE-8621546B7799}
		{C4D5000D-3A31-3F2F-8BAA-7765E469E674} = {C4D5000D-3A31-3F2F-8BAA-7765E469E674}
	EndProjectSection
EndProject
Project("{8BC9CEB8-8B4A-11D0-8D11-00A0C91BC942}") = "Bullet2FileLoader", "src\Bullet3Serialize\Bullet2FileLoader\Bullet2FileLoader.vcxproj", "{07890ACE-BC15-3EBA-ABD7-284785CBA632}"
	ProjectSection(ProjectDependencies) = postProject
		{C4D5000D-3A31-3F2F-8BAA-7765E469E674} = {C4D5000D-3A31-3F2F-8BAA-7765E469E674}
	EndProjectSection
EndProject
Project("{8BC9CEB8-8B4A-11D0-8D11-00A0C91BC942}") = "Bullet3Collision", "src\Bullet3Collision\Bullet3Collision.vcxproj", "{68098610-C11C-3C9A-AE1A-07148E100013}"
	ProjectSection(ProjectDependencies) = postProject
		{C4D5000D-3A31-3F2F-8BAA-7765E469E674} = {C4D5000D-3A31-3F2F-8BAA-7765E469E674}
	EndProjectSection
EndProject
Project("{8BC9CEB8-8B4A-11D0-8D11-00A0C91BC942}") = "Bullet3Common", "src\Bullet3Common\Bullet3Common.vcxproj", "{C33C7967-10B3-3E65-BFD0-1D727B3667BD}"
	ProjectSection(ProjectDependencies) = postProject
		{C4D5000D-3A31-3F2F-8BAA-7765E469E674} = {C4D5000D-3A31-3F2F-8BAA-7765E469E674}
	EndProjectSection
EndProject
Project("{8BC9CEB8-8B4A-11D0-8D11-00A0C91BC942}") = "Bullet3Dynamics", "src\Bullet3Dynamics\Bullet3Dynamics.vcxproj", "{E1DB54E9-D91A-3B3F-9F07-E7CFF6AD89B5}"
	ProjectSection(ProjectDependencies) = postProject
		{C4D5000D-3A31-3F2F-8BAA-7765E469E674} = {C4D5000D-3A31-3F2F-8BAA-7765E469E674}
	EndProjectSection
EndProject
Project("{8BC9CEB8-8B4A-11D0-8D11-00A0C91BC942}") = "Bullet3Geometry", "src\Bullet3Geometry\Bullet3Geometry.vcxproj", "{AE8E5BB0-A7A8-33CE-A360-540A1355E7F2}"
	ProjectSection(ProjectDependencies) = postProject
		{C4D5000D-3A31-3F2F-8BAA-7765E469E674} = {C4D5000D-3A31-3F2F-8BAA-7765E469E674}
	EndProjectSection
EndProject
Project("{8BC9CEB8-8B4A-11D0-8D11-00A0C91BC942}") = "Bullet3OpenCL_clew", "src\Bullet3OpenCL\Bullet3OpenCL_clew.vcxproj", "{C20BB383-A532-373D-BC37-3FC323A4C3B0}"
	ProjectSection(ProjectDependencies) = postProject
		{C4D5000D-3A31-3F2F-8BAA-7765E469E674} = {C4D5000D-3A31-3F2F-8BAA-7765E469E674}
	EndProjectSection
EndProject
Project("{8BC9CEB8-8B4A-11D0-8D11-00A0C91BC942}") = "BulletCollision", "src\BulletCollision\BulletCollision.vcxproj", "{18B846BB-1818-341D-954C-402E97EC1BAF}"
	ProjectSection(ProjectDependencies) = postProject
		{C4D5000D-3A31-3F2F-8BAA-7765E469E674} = {C4D5000D-3A31-3F2F-8BAA-7765E469E674}
	EndProjectSection
EndProject
Project("{8BC9CEB8-8B4A-11D0-8D11-00A0C91BC942}") = "BulletDynamics", "src\BulletDynamics\BulletDynamics.vcxproj", "{39BF89D1-030D-3E61-B87E-82F82337AF70}"
	ProjectSection(ProjectDependencies) = postProject
		{C4D5000D-3A31-3F2F-8BAA-7765E469E674} = {C4D5000D-3A31-3F2F-8BAA-7765E469E674}
	EndProjectSection
EndProject
Project("{8BC9CEB8-8B4A-11D0-8D11-00A0C91BC942}") = "BulletInverseDynamics", "src\BulletInverseDynamics\BulletInverseDynamics.vcxproj", "{9F4A9FA0-CF24-36EE-ACDB-C8E643DCC734}"
	ProjectSection(ProjectDependencies) = postProject
		{C4D5000D-3A31-3F2F-8BAA-7765E469E674} = {C4D5000D-3A31-3F2F-8BAA-7765E469E674}
	EndProjectSection
EndProject
Project("{8BC9CEB8-8B4A-11D0-8D11-00A0C91BC942}") = "BulletSoftBody", "src\BulletSoftBody\BulletSoftBody.vcxproj", "{D2116E5F-FBAF-3F3A-8820-E344CAA4C808}"
	ProjectSection(ProjectDependencies) = postProject
		{C4D5000D-3A31-3F2F-8BAA-7765E469E674} = {C4D5000D-3A31-3F2F-8BAA-7765E469E674}
	EndProjectSection
EndProject
Project("{8BC9CEB8-8B4A-11D0-8D11-00A0C91BC942}") = "INSTALL", "INSTALL.vcxproj", "{5A6CC127-DD9C-3CE2-8835-F81C7CA72529}"
	ProjectSection(ProjectDependencies) = postProject
		{BDEEC085-4DD4-3530-83B7-79626665796F} = {BDEEC085-4DD4-3530-83B7-79626665796F}
		{C4D5000D-3A31-3F2F-8BAA-7765E469E674} = {C4D5000D-3A31-3F2F-8BAA-7765E469E674}
	EndProjectSection
EndProject
Project("{8BC9CEB8-8B4A-11D0-8D11-00A0C91BC942}") = "LinearMath", "src\LinearMath\LinearMath.vcxproj", "{ABED4D2C-13F0-3952-A1FE-8621546B7799}"
	ProjectSection(ProjectDependencies) = postProject
		{C4D5000D-3A31-3F2F-8BAA-7765E469E674} = {C4D5000D-3A31-3F2F-8BAA-7765E469E674}
	EndProjectSection
EndProject
Project("{8BC9CEB8-8B4A-11D0-8D11-00A0C91BC942}") = "ZERO_CHECK", "ZERO_CHECK.vcxproj", "{C4D5000D-3A31-3F2F-8BAA-7765E469E674}"
	ProjectSection(ProjectDependencies) = postProject
	EndProjectSection
EndProject
Global
	GlobalSection(SolutionConfigurationPlatforms) = preSolution
		Debug|Win32 = Debug|Win32
		Release|Win32 = Release|Win32
		MinSizeRel|Win32 = MinSizeRel|Win32
		RelWithDebInfo|Win32 = RelWithDebInfo|Win32
	EndGlobalSection
	GlobalSection(ProjectConfigurationPlatforms) = postSolution
		{BDEEC085-4DD4-3530-83B7-79626665796F}.Debug|Win32.ActiveCfg = Debug|Win32
		{BDEEC085-4DD4-3530-83B7-79626665796F}.Debug|Win32.Build.0 = Debug|Win32
		{BDEEC085-4DD4-3530-83B7-79626665796F}.Release|Win32.ActiveCfg = Release|Win32
		{BDEEC085-4DD4-3530-83B7-79626665796F}.Release|Win32.Build.0 = Release|Win32
		{BDEEC085-4DD4-3530-83B7-79626665796F}.MinSizeRel|Win32.ActiveCfg = MinSizeRel|Win32
		{BDEEC085-4DD4-3530-83B7-79626665796F}.MinSizeRel|Win32.Build.0 = MinSizeRel|Win32
		{BDEEC085-4DD4-3530-83B7-79626665796F}.RelWithDebInfo|Win32.ActiveCfg = RelWithDebInfo|Win32
		{BDEEC085-4DD4-3530-83B7-79626665796F}.RelWithDebInfo|Win32.Build.0 = RelWithDebInfo|Win32
		{07890ACE-BC15-3EBA-ABD7-284785CBA632}.Debug|Win32.ActiveCfg = Debug|Win32
		{07890ACE-BC15-3EBA-ABD7-284785CBA632}.Debug|Win32.Build.0 = Debug|Win32
		{07890ACE-BC15-3EBA-ABD7-284785CBA632}.Release|Win32.ActiveCfg = Release|Win32
		{07890ACE-BC15-3EBA-ABD7-284785CBA632}.Release|Win32.Build.0 = Release|Win32
		{07890ACE-BC15-3EBA-ABD7-284785CBA632}.MinSizeRel|Win32.ActiveCfg = MinSizeRel|Win32
		{07890ACE-BC15-3EBA-ABD7-284785CBA632}.MinSizeRel|Win32.Build.0 = MinSizeRel|Win32
		{07890ACE-BC15-3EBA-ABD7-284785CBA632}.RelWithDebInfo|Win32.ActiveCfg = RelWithDebInfo|Win32
		{07890ACE-BC15-3EBA-ABD7-284785CBA632}.RelWithDebInfo|Win32.Build.0 = RelWithDebInfo|Win32
		{68098610-C11C-3C9A-AE1A-07148E100013}.Debug|Win32.ActiveCfg = Debug|Win32
		{68098610-C11C-3C9A-AE1A-07148E100013}.Debug|Win32.Build.0 = Debug|Win32
		{68098610-C11C-3C9A-AE1A-07148E100013}.Release|Win32.ActiveCfg = Release|Win32
		{68098610-C11C-3C9A-AE1A-07148E100013}.Release|Win32.Build.0 = Release|Win32
		{68098610-C11C-3C9A-AE1A-07148E100013}.MinSizeRel|Win32.ActiveCfg = MinSizeRel|Win32
		{68098610-C11C-3C9A-AE1A-07148E100013}.MinSizeRel|Win32.Build.0 = MinSizeRel|Win32
		{68098610-C11C-3C9A-AE1A-07148E100013}.RelWithDebInfo|Win32.ActiveCfg = RelWithDebInfo|Win32
		{68098610-C11C-3C9A-AE1A-07148E100013}.RelWithDebInfo|Win32.Build.0 = RelWithDebInfo|Win32
		{C33C7967-10B3-3E65-BFD0-1D727B3667BD}.Debug|Win32.ActiveCfg = Debug|Win32
		{C33C7967-10B3-3E65-BFD0-1D727B3667BD}.Debug|Win32.Build.0 = Debug|Win32
		{C33C7967-10B3-3E65-BFD0-1D727B3667BD}.Release|Win32.ActiveCfg = Release|Win32
		{C33C7967-10B3-3E65-BFD0-1D727B3667BD}.Release|Win32.Build.0 = Release|Win32
		{C33C7967-10B3-3E65-BFD0-1D727B3667BD}.MinSizeRel|Win32.ActiveCfg = MinSizeRel|Win32
		{C33C7967-10B3-3E65-BFD0-1D727B3667BD}.MinSizeRel|Win32.Build.0 = MinSizeRel|Win32
		{C33C7967-10B3-3E65-BFD0-1D727B3667BD}.RelWithDebInfo|Win32.ActiveCfg = RelWithDebInfo|Win32
		{C33C7967-10B3-3E65-BFD0-1D727B3667BD}.RelWithDebInfo|Win32.Build.0 = RelWithDebInfo|Win32
		{E1DB54E9-D91A-3B3F-9F07-E7CFF6AD89B5}.Debug|Win32.ActiveCfg = Debug|Win32
		{E1DB54E9-D91A-3B3F-9F07-E7CFF6AD89B5}.Debug|Win32.Build.0 = Debug|Win32
		{E1DB54E9-D91A-3B3F-9F07-E7CFF6AD89B5}.Release|Win32.ActiveCfg = Release|Win32
		{E1DB54E9-D91A-3B3F-9F07-E7CFF6AD89B5}.Release|Win32.Build.0 = Release|Win32
		{E1DB54E9-D91A-3B3F-9F07-E7CFF6AD89B5}.MinSizeRel|Win32.ActiveCfg = MinSizeRel|Win32
		{E1DB54E9-D91A-3B3F-9F07-E7CFF6AD89B5}.MinSizeRel|Win32.Build.0 = MinSizeRel|Win32
		{E1DB54E9-D91A-3B3F-9F07-E7CFF6AD89B5}.RelWithDebInfo|Win32.ActiveCfg = RelWithDebInfo|Win32
		{E1DB54E9-D91A-3B3F-9F07-E7CFF6AD89B5}.RelWithDebInfo|Win32.Build.0 = RelWithDebInfo|Win32
		{AE8E5BB0-A7A8-33CE-A360-540A1355E7F2}.Debug|Win32.ActiveCfg = Debug|Win32
		{AE8E5BB0-A7A8-33CE-A360-540A1355E7F2}.Debug|Win32.Build.0 = Debug|Win32
		{AE8E5BB0-A7A8-33CE-A360-540A1355E7F2}.Release|Win32.ActiveCfg = Release|Win32
		{AE8E5BB0-A7A8-33CE-A360-540A1355E7F2}.Release|Win32.Build.0 = Release|Win32
		{AE8E5BB0-A7A8-33CE-A360-540A1355E7F2}.MinSizeRel|Win32.ActiveCfg = MinSizeRel|Win32
		{AE8E5BB0-A7A8-33CE-A360-540A1355E7F2}.MinSizeRel|Win32.Build.0 = MinSizeRel|Win32
		{AE8E5BB0-A7A8-33CE-A360-540A1355E7F2}.RelWithDebInfo|Win32.ActiveCfg = RelWithDebInfo|Win32
		{AE8E5BB0-A7A8-33CE-A360-540A1355E7F2}.RelWithDebInfo|Win32.Build.0 = RelWithDebInfo|Win32
		{C20BB383-A532-373D-BC37-3FC323A4C3B0}.Debug|Win32.ActiveCfg = Debug|Win32
		{C20BB383-A532-373D-BC37-3FC323A4C3B0}.Debug|Win32.Build.0 = Debug|Win32
		{C20BB383-A532-373D-BC37-3FC323A4C3B0}.Release|Win32.ActiveCfg = Release|Win32
		{C20BB383-A532-373D-BC37-3FC323A4C3B0}.Release|Win32.Build.0 = Release|Win32
		{C20BB383-A532-373D-BC37-3FC323A4C3B0}.MinSizeRel|Win32.ActiveCfg = MinSizeRel|Win32
		{C20BB383-A532-373D-BC37-3FC323A4C3B0}.MinSizeRel|Win32.Build.0 = MinSizeRel|Win32
		{C20BB383-A532-373D-BC37-3FC323A4C3B0}.RelWithDebInfo|Win32.ActiveCfg = RelWithDebInfo|Win32
		{C20BB383-A532-373D-BC37-3FC323A4C3B0}.RelWithDebInfo|Win32.Build.0 = RelWithDebInfo|Win32
		{18B846BB-1818-341D-954C-402E97EC1BAF}.Debug|Win32.ActiveCfg = Debug|Win32
		{18B846BB-1818-341D-954C-402E97EC1BAF}.Debug|Win32.Build.0 = Debug|Win32
		{18B846BB-1818-341D-954C-402E97EC1BAF}.Release|Win32.ActiveCfg = Release|Win32
		{18B846BB-1818-341D-954C-402E97EC1BAF}.Release|Win32.Build.0 = Release|Win32
		{18B846BB-1818-341D-954C-402E97EC1BAF}.MinSizeRel|Win32.ActiveCfg = MinSizeRel|Win32
		{18B846BB-1818-341D-954C-402E97EC1BAF}.MinSizeRel|Win32.Build.0 = MinSizeRel|Win32
		{18B846BB-1818-341D-954C-402E97EC1BAF}.RelWithDebInfo|Win32.ActiveCfg = RelWithDebInfo|Win32
		{18B846BB-1818-341D-954C-402E97EC1BAF}.RelWithDebInfo|Win32.Build.0 = RelWithDebInfo|Win32
		{39BF89D1-030D-3E61-B87E-82F82337AF70}.Debug|Win32.ActiveCfg = Debug|Win32
		{39BF89D1-030D-3E61-B87E-82F82337AF70}.Debug|Win32.Build.0 = Debug|Win32
		{39BF89D1-030D-3E61-B87E-82F82337AF70}.Release|Win32.ActiveCfg = Release|Win32
		{39BF89D1-030D-3E61-B87E-82F82337AF70}.Release|Win32.Build.0 = Release|Win32
		{39BF89D1-030D-3E61-B87E-82F82337AF70}.MinSizeRel|Win32.ActiveCfg = MinSizeRel|Win32
		{39BF89D1-030D-3E61-B87E-82F82337AF70}.MinSizeRel|Win32.Build.0 = MinSizeRel|Win32
		{39BF89D1-030D-3E61-B87E-82F82337AF70}.RelWithDebInfo|Win32.ActiveCfg = RelWithDebInfo|Win32
		{39BF89D1-030D-3E61-B87E-82F82337AF70}.RelWithDebInfo|Win32.Build.0 = RelWithDebInfo|Win32
		{9F4A9FA0-CF24-36EE-ACDB-C8E643DCC734}.Debug|Win32.ActiveCfg = Debug|Win32
		{9F4A9FA0-CF24-36EE-ACDB-C8E643DCC734}.Debug|Win32.Build.0 = Debug|Win32
		{9F4A9FA0-CF24-36EE-ACDB-C8E643DCC734}.Release|Win32.ActiveCfg = Release|Win32
		{9F4A9FA0-CF24-36EE-ACDB-C8E643DCC734}.Release|Win32.Build.0 = Release|Win32
		{9F4A9FA0-CF24-36EE-ACDB-C8E643DCC734}.MinSizeRel|Win32.ActiveCfg = MinSizeRel|Win32
		{9F4A9FA0-CF24-36EE-ACDB-C8E643DCC734}.MinSizeRel|Win32.Build.0 = MinSizeRel|Win32
		{9F4A9FA0-CF24-36EE-ACDB-C8E643DCC734}.RelWithDebInfo|Win32.ActiveCfg = RelWithDebInfo|Win32
		{9F4A9FA0-CF24-36EE-ACDB-C8E643DCC734}.RelWithDebInfo|Win32.Build.0 = RelWithDebInfo|Win32
		{D2116E5F-FBAF-3F3A-8820-E344CAA4C808}.Debug|Win32.ActiveCfg = Debug|Win32
		{D2116E5F-FBAF-3F3A-8820-E344CAA4C808}.Debug|Win32.Build.0 = Debug|Win32
		{D2116E5F-FBAF-3F3A-8820-E344CAA4C808}.Release|Win32.ActiveCfg = Release|Win32
		{D2116E5F-FBAF-3F3A-8820-E344CAA4C808}.Release|Win32.Build.0 = Release|Win32
		{D2116E5F-FBAF-3F3A-8820-E344CAA4C808}.MinSizeRel|Win32.ActiveCfg = MinSizeRel|Win32
		{D2116E5F-FBAF-3F3A-8820-E344CAA4C808}.MinSizeRel|Win32.Build.0 = MinSizeRel|Win32
		{D2116E5F-FBAF-3F3A-8820-E344CAA4C808}.RelWithDebInfo|Win32.ActiveCfg = RelWithDebInfo|Win32
		{D2116E5F-FBAF-3F3A-8820-E344CAA4C808}.RelWithDebInfo|Win32.Build.0 = RelWithDebInfo|Win32
		{5A6CC127-DD9C-3CE2-8835-F81C7CA72529}.Debug|Win32.ActiveCfg = Debug|Win32
		{5A6CC127-DD9C-3CE2-8835-F81C7CA72529}.Release|Win32.ActiveCfg = Release|Win32
		{5A6CC127-DD9C-3CE2-8835-F81C7CA72529}.MinSizeRel|Win32.ActiveCfg = MinSizeRel|Win32
		{5A6CC127-DD9C-3CE2-8835-F81C7CA72529}.RelWithDebInfo|Win32.ActiveCfg = RelWithDebInfo|Win32
		{ABED4D2C-13F0-3952-A1FE-8621546B7799}.Debug|Win32.ActiveCfg = Debug|Win32
		{ABED4D2C-13F0-3952-A1FE-8621546B7799}.Debug|Win32.Build.0 = Debug|Win32
		{ABED4D2C-13F0-3952-A1FE-8621546B7799}.Release|Win32.ActiveCfg = Release|Win32
		{ABED4D2C-13F0-3952-A1FE-8621546B7799}.Release|Win32.Build.0 = Release|Win32
		{ABED4D2C-13F0-3952-A1FE-8621546B7799}.MinSizeRel|Win32.ActiveCfg = MinSizeRel|Win32
		{ABED4D2C-13F0-3952-A1FE-8621546B7799}.MinSizeRel|Win32.Build.0 = MinSizeRel|Win32
		{ABED4D2C-13F0-3952-A1FE-8621546B7799}.RelWithDebInfo|Win32.ActiveCfg = RelWithDebInfo|Win32
		{ABED4D2C-13F0-3952-A1FE-8621546B7799}.RelWithDebInfo|Win32.Build.0 = RelWithDebInfo|Win32
		{C4D5000D-3A31-3F2F-8BAA-7765E469E674}.Debug|Win32.ActiveCfg = Debug|Win32
		{C4D5000D-3A31-3F2F-8BAA-7765E469E674}.Debug|Win32.Build.0 = Debug|Win32
		{C4D5000D-3A31-3F2F-8BAA-7765E469E674}.Release|Win32.ActiveCfg = Release|Win32
		{C4D5000D-3A31-3F2F-8BAA-7765E469E674}.Release|Win32.Build.0 = Release|Win32
		{C4D5000D-3A31-3F2F-8BAA-7765E469E674}.MinSizeRel|Win32.ActiveCfg = MinSizeRel|Win32
		{C4D5000D-3A31-3F2F-8BAA-7765E469E674}.MinSizeRel|Win32.Build.0 = MinSizeRel|Win32
		{C4D5000D-3A31-3F2F-8BAA-7765E469E674}.RelWithDebInfo|Win32.ActiveCfg = RelWithDebInfo|Win32
		{C4D5000D-3A31-3F2F-8BAA-7765E469E674}.RelWithDebInfo|Win32.Build.0 = RelWithDebInfo|Win32
	EndGlobalSection
	GlobalSection(ExtensibilityGlobals) = postSolution
		SolutionGuid = {604539E3-A55D-331B-81E3-F55E7117A04F}
	EndGlobalSection
	GlobalSection(ExtensibilityAddIns) = postSolution
	EndGlobalSection
EndGlobal
