<?xml version="1.0" encoding="utf-8"?>
<Project ToolsVersion="12.0" xmlns="http://schemas.microsoft.com/developer/msbuild/2003">
  <ItemGroup>
    <ClCompile Include="C:\Users\maria\Desktop\EXTRACCIONES\bullet\bullet3\examples\ExampleBrowser\OpenGLExampleBrowser.cpp">
      <Filter>Source Files</Filter>
    </ClCompile>
    <ClCompile Include="C:\Users\maria\Desktop\EXTRACCIONES\bullet\bullet3\examples\ExampleBrowser\OpenGLGuiHelper.cpp">
      <Filter>Source Files</Filter>
    </ClCompile>
    <ClCompile Include="C:\Users\maria\Desktop\EXTRACCIONES\bullet\bullet3\examples\ExampleBrowser\GL_ShapeDrawer.cpp">
      <Filter>Source Files</Filter>
    </ClCompile>
    <ClCompile Include="C:\Users\maria\Desktop\EXTRACCIONES\bullet\bullet3\examples\ExampleBrowser\CollisionShape2TriangleMesh.cpp">
      <Filter>Source Files</Filter>
    </ClCompile>
    <ClCompile Include="C:\Users\maria\Desktop\EXTRACCIONES\bullet\bullet3\examples\Utils\b3Clock.cpp">
      <Filter>Source Files</Filter>
    </ClCompile>
    <ClCompile Include="C:\Users\maria\Desktop\EXTRACCIONES\bullet\bullet3\examples\Utils\ChromeTraceUtil.cpp">
      <Filter>Source Files</Filter>
    </ClCompile>
    <ClCompile Include="C:\Users\maria\Desktop\EXTRACCIONES\bullet\bullet3\examples\Utils\b3ResourcePath.cpp">
      <Filter>Source Files</Filter>
    </ClCompile>
    <ClCompile Include="C:\Users\maria\Desktop\EXTRACCIONES\bullet\bullet3\examples\ExampleBrowser\GwenGUISupport\GraphingTexture.cpp">
      <Filter>Source Files</Filter>
    </ClCompile>
    <ClCompile Include="C:\Users\maria\Desktop\EXTRACCIONES\bullet\bullet3\examples\ExampleBrowser\GwenGUISupport\GwenParameterInterface.cpp">
      <Filter>Source Files</Filter>
    </ClCompile>
    <ClCompile Include="C:\Users\maria\Desktop\EXTRACCIONES\bullet\bullet3\examples\ExampleBrowser\GwenGUISupport\GwenProfileWindow.cpp">
      <Filter>Source Files</Filter>
    </ClCompile>
    <ClCompile Include="C:\Users\maria\Desktop\EXTRACCIONES\bullet\bullet3\examples\ExampleBrowser\GwenGUISupport\GwenTextureWindow.cpp">
      <Filter>Source Files</Filter>
    </ClCompile>
    <ClCompile Include="C:\Users\maria\Desktop\EXTRACCIONES\bullet\bullet3\examples\ExampleBrowser\GwenGUISupport\gwenUserInterface.cpp">
      <Filter>Source Files</Filter>
    </ClCompile>
  </ItemGroup>
  <ItemGroup>
    <ClInclude Include="C:\Users\maria\Desktop\EXTRACCIONES\bullet\bullet3\examples\ExampleBrowser\CollisionShape2TriangleMesh.h">
      <Filter>Header Files</Filter>
    </ClInclude>
    <ClInclude Include="C:\Users\maria\Desktop\EXTRACCIONES\bullet\bullet3\examples\Utils\b3Clock.h">
      <Filter>Header Files</Filter>
    </ClInclude>
    <ClInclude Include="C:\Users\maria\Desktop\EXTRACCIONES\bullet\bullet3\examples\Utils\ChromeTraceUtil.h">
      <Filter>Header Files</Filter>
    </ClInclude>
    <ClInclude Include="C:\Users\maria\Desktop\EXTRACCIONES\bullet\bullet3\examples\Utils\b3ResourcePath.h">
      <Filter>Header Files</Filter>
    </ClInclude>
    <ClInclude Include="C:\Users\maria\Desktop\EXTRACCIONES\bullet\bullet3\examples\Utils\b3ERPCFMHelper.hpp">
      <Filter>Header Files</Filter>
    </ClInclude>
    <ClInclude Include="C:\Users\maria\Desktop\EXTRACCIONES\bullet\bullet3\examples\Utils\b3ReferenceFrameHelper.hpp">
      <Filter>Header Files</Filter>
    </ClInclude>
    <ClInclude Include="C:\Users\maria\Desktop\EXTRACCIONES\bullet\bullet3\examples\ExampleBrowser\GwenGUISupport\GraphingTexture.h">
      <Filter>Header Files</Filter>
    </ClInclude>
    <ClInclude Include="C:\Users\maria\Desktop\EXTRACCIONES\bullet\bullet3\examples\ExampleBrowser\GwenGUISupport\GwenParameterInterface.h">
      <Filter>Header Files</Filter>
    </ClInclude>
    <ClInclude Include="C:\Users\maria\Desktop\EXTRACCIONES\bullet\bullet3\examples\ExampleBrowser\GwenGUISupport\GwenProfileWindow.h">
      <Filter>Header Files</Filter>
    </ClInclude>
    <ClInclude Include="C:\Users\maria\Desktop\EXTRACCIONES\bullet\bullet3\examples\ExampleBrowser\GwenGUISupport\GwenTextureWindow.h">
      <Filter>Header Files</Filter>
    </ClInclude>
    <ClInclude Include="C:\Users\maria\Desktop\EXTRACCIONES\bullet\bullet3\examples\ExampleBrowser\GwenGUISupport\gwenInternalData.h">
      <Filter>Header Files</Filter>
    </ClInclude>
    <ClInclude Include="C:\Users\maria\Desktop\EXTRACCIONES\bullet\bullet3\examples\ExampleBrowser\GwenGUISupport\gwenUserInterface.h">
      <Filter>Header Files</Filter>
    </ClInclude>
  </ItemGroup>
  <ItemGroup>
    <CustomBuild Include="C:\Users\maria\Desktop\EXTRACCIONES\bullet\bullet3\examples\ExampleBrowser\CMakeLists.txt" />
  </ItemGroup>
  <ItemGroup>
    <Filter Include="Header Files">
      <UniqueIdentifier>{2E132CE8-1E9C-3A2C-903D-3D8BFC941206}</UniqueIdentifier>
    </Filter>
    <Filter Include="Source Files">
      <UniqueIdentifier>{2167079E-5CD2-3535-965C-FD221DA35AD2}</UniqueIdentifier>
    </Filter>
  </ItemGroup>
</Project>
