<?xml version="1.0" encoding="utf-8"?>
<Project ToolsVersion="12.0" xmlns="http://schemas.microsoft.com/developer/msbuild/2003">
  <ItemGroup>
    <ClCompile Include="C:\Users\maria\Desktop\EXTRACCIONES\bullet\bullet3\test\InverseDynamics\test_invdyn_bullet.cpp">
      <Filter>Source Files</Filter>
    </ClCompile>
    <ClCompile Include="C:\Users\maria\Desktop\EXTRACCIONES\bullet\bullet3\examples\Utils\b3ResourcePath.cpp">
      <Filter>Source Files</Filter>
    </ClCompile>
    <ClCompile Include="C:\Users\maria\Desktop\EXTRACCIONES\bullet\bullet3\examples\Importers\ImportURDFDemo\MyMultiBodyCreator.cpp">
      <Filter>Source Files</Filter>
    </ClCompile>
    <ClCompile Include="C:\Users\maria\Desktop\EXTRACCIONES\bullet\bullet3\examples\Importers\ImportURDFDemo\BulletUrdfImporter.cpp">
      <Filter>Source Files</Filter>
    </ClCompile>
    <ClCompile Include="C:\Users\maria\Desktop\EXTRACCIONES\bullet\bullet3\examples\Importers\ImportURDFDemo\urdfStringSplit.cpp">
      <Filter>Source Files</Filter>
    </ClCompile>
    <ClCompile Include="C:\Users\maria\Desktop\EXTRACCIONES\bullet\bullet3\examples\Importers\ImportURDFDemo\UrdfParser.cpp">
      <Filter>Source Files</Filter>
    </ClCompile>
    <ClCompile Include="C:\Users\maria\Desktop\EXTRACCIONES\bullet\bullet3\examples\Importers\ImportURDFDemo\URDF2Bullet.cpp">
      <Filter>Source Files</Filter>
    </ClCompile>
    <ClCompile Include="C:\Users\maria\Desktop\EXTRACCIONES\bullet\bullet3\examples\Importers\ImportMeshUtility\b3ImportMeshUtility.cpp">
      <Filter>Source Files</Filter>
    </ClCompile>
    <ClCompile Include="C:\Users\maria\Desktop\EXTRACCIONES\bullet\bullet3\examples\ThirdPartyLibs\stb_image\stb_image.cpp">
      <Filter>Source Files</Filter>
    </ClCompile>
    <ClCompile Include="C:\Users\maria\Desktop\EXTRACCIONES\bullet\bullet3\examples\Utils\b3Clock.cpp">
      <Filter>Source Files</Filter>
    </ClCompile>
    <ClCompile Include="C:\Users\maria\Desktop\EXTRACCIONES\bullet\bullet3\Extras\Serialize\BulletWorldImporter\btBulletWorldImporter.cpp">
      <Filter>Source Files</Filter>
    </ClCompile>
    <ClCompile Include="C:\Users\maria\Desktop\EXTRACCIONES\bullet\bullet3\Extras\Serialize\BulletWorldImporter\btWorldImporter.cpp">
      <Filter>Source Files</Filter>
    </ClCompile>
    <ClCompile Include="C:\Users\maria\Desktop\EXTRACCIONES\bullet\bullet3\Extras\Serialize\BulletFileLoader\bChunk.cpp">
      <Filter>Source Files</Filter>
    </ClCompile>
    <ClCompile Include="C:\Users\maria\Desktop\EXTRACCIONES\bullet\bullet3\Extras\Serialize\BulletFileLoader\bFile.cpp">
      <Filter>Source Files</Filter>
    </ClCompile>
    <ClCompile Include="C:\Users\maria\Desktop\EXTRACCIONES\bullet\bullet3\Extras\Serialize\BulletFileLoader\bDNA.cpp">
      <Filter>Source Files</Filter>
    </ClCompile>
    <ClCompile Include="C:\Users\maria\Desktop\EXTRACCIONES\bullet\bullet3\Extras\Serialize\BulletFileLoader\btBulletFile.cpp">
      <Filter>Source Files</Filter>
    </ClCompile>
    <ClCompile Include="C:\Users\maria\Desktop\EXTRACCIONES\bullet\bullet3\examples\Importers\ImportObjDemo\Wavefront2GLInstanceGraphicsShape.cpp">
      <Filter>Source Files</Filter>
    </ClCompile>
    <ClCompile Include="C:\Users\maria\Desktop\EXTRACCIONES\bullet\bullet3\examples\Importers\ImportObjDemo\LoadMeshFromObj.cpp">
      <Filter>Source Files</Filter>
    </ClCompile>
    <ClCompile Include="C:\Users\maria\Desktop\EXTRACCIONES\bullet\bullet3\examples\Importers\ImportColladaDemo\LoadMeshFromCollada.cpp">
      <Filter>Source Files</Filter>
    </ClCompile>
    <ClCompile Include="C:\Users\maria\Desktop\EXTRACCIONES\bullet\bullet3\examples\ThirdPartyLibs\Wavefront\tiny_obj_loader.cpp">
      <Filter>Source Files</Filter>
    </ClCompile>
    <ClCompile Include="C:\Users\maria\Desktop\EXTRACCIONES\bullet\bullet3\examples\ThirdPartyLibs\tinyxml2\tinyxml2.cpp">
      <Filter>Source Files</Filter>
    </ClCompile>
  </ItemGroup>
  <ItemGroup>
    <ClInclude Include="C:\Users\maria\Desktop\EXTRACCIONES\bullet\bullet3\examples\Importers\ImportURDFDemo\ConvertRigidBodies2MultiBody.h">
      <Filter>Header Files</Filter>
    </ClInclude>
    <ClInclude Include="C:\Users\maria\Desktop\EXTRACCIONES\bullet\bullet3\examples\Importers\ImportURDFDemo\MultiBodyCreationInterface.h">
      <Filter>Header Files</Filter>
    </ClInclude>
    <ClInclude Include="C:\Users\maria\Desktop\EXTRACCIONES\bullet\bullet3\examples\Importers\ImportURDFDemo\MyMultiBodyCreator.h">
      <Filter>Header Files</Filter>
    </ClInclude>
    <ClInclude Include="C:\Users\maria\Desktop\EXTRACCIONES\bullet\bullet3\examples\Importers\ImportURDFDemo\BulletUrdfImporter.h">
      <Filter>Header Files</Filter>
    </ClInclude>
    <ClInclude Include="C:\Users\maria\Desktop\EXTRACCIONES\bullet\bullet3\examples\Importers\ImportURDFDemo\UrdfParser.h">
      <Filter>Header Files</Filter>
    </ClInclude>
    <ClInclude Include="C:\Users\maria\Desktop\EXTRACCIONES\bullet\bullet3\examples\Importers\ImportURDFDemo\URDF2Bullet.h">
      <Filter>Header Files</Filter>
    </ClInclude>
    <ClInclude Include="C:\Users\maria\Desktop\EXTRACCIONES\bullet\bullet3\examples\Importers\ImportURDFDemo\URDFImporterInterface.h">
      <Filter>Header Files</Filter>
    </ClInclude>
    <ClInclude Include="C:\Users\maria\Desktop\EXTRACCIONES\bullet\bullet3\examples\Importers\ImportURDFDemo\URDFJointTypes.h">
      <Filter>Header Files</Filter>
    </ClInclude>
    <ClInclude Include="C:\Users\maria\Desktop\EXTRACCIONES\bullet\bullet3\examples\Importers\ImportSTLDemo\ImportSTLSetup.h">
      <Filter>Header Files</Filter>
    </ClInclude>
    <ClInclude Include="C:\Users\maria\Desktop\EXTRACCIONES\bullet\bullet3\examples\Importers\ImportSTLDemo\LoadMeshFromSTL.h">
      <Filter>Header Files</Filter>
    </ClInclude>
    <ClInclude Include="C:\Users\maria\Desktop\EXTRACCIONES\bullet\bullet3\examples\Importers\ImportColladaDemo\ColladaGraphicsInstance.h">
      <Filter>Header Files</Filter>
    </ClInclude>
  </ItemGroup>
  <ItemGroup>
    <CustomBuild Include="C:\Users\maria\Desktop\EXTRACCIONES\bullet\bullet3\test\InverseDynamics\CMakeLists.txt" />
  </ItemGroup>
  <ItemGroup>
    <Filter Include="Header Files">
      <UniqueIdentifier>{4FD9B6A1-3615-3678-9BFC-7F37EA49A1E5}</UniqueIdentifier>
    </Filter>
    <Filter Include="Source Files">
      <UniqueIdentifier>{E103552F-2A41-34E1-9910-180196D24D14}</UniqueIdentifier>
    </Filter>
  </ItemGroup>
</Project>
