<?xml version="1.0" encoding="utf-8"?>
<Project ToolsVersion="12.0" xmlns="http://schemas.microsoft.com/developer/msbuild/2003">
  <ItemGroup>
    <ClCompile Include="C:\Users\maria\Desktop\EXTRACCIONES\bullet\bullet3\test\collision\main.cpp">
      <Filter>Source Files</Filter>
    </ClCompile>
    <ClCompile Include="C:\Users\maria\Desktop\EXTRACCIONES\bullet\bullet3\src\BulletCollision\NarrowPhaseCollision\btVoronoiSimplexSolver.cpp">
      <Filter>Source Files</Filter>
    </ClCompile>
    <ClCompile Include="C:\Users\maria\Desktop\EXTRACCIONES\bullet\bullet3\src\BulletCollision\CollisionShapes\btSphereShape.cpp">
      <Filter>Source Files</Filter>
    </ClCompile>
    <ClCompile Include="C:\Users\maria\Desktop\EXTRACCIONES\bullet\bullet3\src\BulletCollision\CollisionShapes\btMultiSphereShape.cpp">
      <Filter>Source Files</Filter>
    </ClCompile>
    <ClCompile Include="C:\Users\maria\Desktop\EXTRACCIONES\bullet\bullet3\src\BulletCollision\CollisionShapes\btPolyhedralConvexShape.cpp">
      <Filter>Source Files</Filter>
    </ClCompile>
    <ClCompile Include="C:\Users\maria\Desktop\EXTRACCIONES\bullet\bullet3\src\BulletCollision\CollisionShapes\btConvexShape.cpp">
      <Filter>Source Files</Filter>
    </ClCompile>
    <ClCompile Include="C:\Users\maria\Desktop\EXTRACCIONES\bullet\bullet3\src\BulletCollision\CollisionShapes\btConvexInternalShape.cpp">
      <Filter>Source Files</Filter>
    </ClCompile>
    <ClCompile Include="C:\Users\maria\Desktop\EXTRACCIONES\bullet\bullet3\src\BulletCollision\CollisionShapes\btCollisionShape.cpp">
      <Filter>Source Files</Filter>
    </ClCompile>
    <ClCompile Include="C:\Users\maria\Desktop\EXTRACCIONES\bullet\bullet3\src\BulletCollision\CollisionShapes\btConvexPolyhedron.cpp">
      <Filter>Source Files</Filter>
    </ClCompile>
  </ItemGroup>
  <ItemGroup>
    <ClInclude Include="C:\Users\maria\Desktop\EXTRACCIONES\bullet\bullet3\src\BulletCollision\NarrowPhaseCollision\btVoronoiSimplexSolver.h">
      <Filter>Header Files</Filter>
    </ClInclude>
  </ItemGroup>
  <ItemGroup>
    <CustomBuild Include="C:\Users\maria\Desktop\EXTRACCIONES\bullet\bullet3\test\collision\CMakeLists.txt" />
  </ItemGroup>
  <ItemGroup>
    <Filter Include="Header Files">
      <UniqueIdentifier>{4FD9B6A1-3615-3678-9BFC-7F37EA49A1E5}</UniqueIdentifier>
    </Filter>
    <Filter Include="Source Files">
      <UniqueIdentifier>{E103552F-2A41-34E1-9910-180196D24D14}</UniqueIdentifier>
    </Filter>
  </ItemGroup>
</Project>
