<?xml version="1.0" encoding="utf-8"?>
<Project ToolsVersion="12.0" xmlns="http://schemas.microsoft.com/developer/msbuild/2003">
  <ItemGroup>
    <ClCompile Include="C:\Users\maria\Desktop\EXTRACCIONES\bullet\bullet3\Extras\Serialize\BulletFileLoader\bChunk.cpp">
      <Filter>Source Files</Filter>
    </ClCompile>
    <ClCompile Include="C:\Users\maria\Desktop\EXTRACCIONES\bullet\bullet3\Extras\Serialize\BulletFileLoader\bDNA.cpp">
      <Filter>Source Files</Filter>
    </ClCompile>
    <ClCompile Include="C:\Users\maria\Desktop\EXTRACCIONES\bullet\bullet3\Extras\Serialize\BulletFileLoader\bFile.cpp">
      <Filter>Source Files</Filter>
    </ClCompile>
    <ClCompile Include="C:\Users\maria\Desktop\EXTRACCIONES\bullet\bullet3\Extras\Serialize\BulletFileLoader\btBulletFile.cpp">
      <Filter>Source Files</Filter>
    </ClCompile>
  </ItemGroup>
  <ItemGroup>
    <ClInclude Include="C:\Users\maria\Desktop\EXTRACCIONES\bullet\bullet3\Extras\Serialize\BulletFileLoader\bChunk.h">
      <Filter>Header Files</Filter>
    </ClInclude>
    <ClInclude Include="C:\Users\maria\Desktop\EXTRACCIONES\bullet\bullet3\Extras\Serialize\BulletFileLoader\bCommon.h">
      <Filter>Header Files</Filter>
    </ClInclude>
    <ClInclude Include="C:\Users\maria\Desktop\EXTRACCIONES\bullet\bullet3\Extras\Serialize\BulletFileLoader\bDefines.h">
      <Filter>Header Files</Filter>
    </ClInclude>
    <ClInclude Include="C:\Users\maria\Desktop\EXTRACCIONES\bullet\bullet3\Extras\Serialize\BulletFileLoader\bDNA.h">
      <Filter>Header Files</Filter>
    </ClInclude>
    <ClInclude Include="C:\Users\maria\Desktop\EXTRACCIONES\bullet\bullet3\Extras\Serialize\BulletFileLoader\bFile.h">
      <Filter>Header Files</Filter>
    </ClInclude>
    <ClInclude Include="C:\Users\maria\Desktop\EXTRACCIONES\bullet\bullet3\Extras\Serialize\BulletFileLoader\btBulletFile.h">
      <Filter>Header Files</Filter>
    </ClInclude>
  </ItemGroup>
  <ItemGroup>
    <CustomBuild Include="C:\Users\maria\Desktop\EXTRACCIONES\bullet\bullet3\Extras\Serialize\BulletFileLoader\CMakeLists.txt" />
  </ItemGroup>
  <ItemGroup>
    <Filter Include="Header Files">
      <UniqueIdentifier>{2E132CE8-1E9C-3A2C-903D-3D8BFC941206}</UniqueIdentifier>
    </Filter>
    <Filter Include="Source Files">
      <UniqueIdentifier>{2167079E-5CD2-3535-965C-FD221DA35AD2}</UniqueIdentifier>
    </Filter>
  </ItemGroup>
</Project>
